{
  "originHash" : "819f295014c72d579432a14885155f319a27f147aa3875e1ac8fb6253eb37bb3",
  "pins" : [
    {
      "identity" : "clarity-apps",
      "kind" : "remoteSourceControl",
      "location" : "https://github.com/microsoft/clarity-apps",
      "state" : {
        "revision" : "88652502e9427779c8c10a75bab49125143865af",
        "version" : "3.5.4"
      }
    }
  ],
  "version" : 3
}
