// !$*UTF8*$!
{
	archiveVersion = 1;
	classes = {};
	objectVersion = 60;
	objects = {

/* Begin PBXBuildFile section */
		A10000000000000000000001 /* iOSApp.swift in Sources */ = {isa = PBXBuildFile; fileRef = A10000000000000000000002 /* iOSApp.swift */; };
		A10000000000000000000003 /* Clarity in Frameworks */ = {isa = PBXBuildFile; productRef = A10000000000000000000004 /* Clarity */; };
/* End PBXBuildFile section */

/* Begin PBXFileReference section */
		A10000000000000000000002 /* iOSApp.swift */ = {isa = PBXFileReference; lastKnownFileType = sourcecode.swift; path = iOSApp.swift; sourceTree = "<group>"; };
		A10000000000000000000005 /* iosApp.app */ = {isa = PBXFileReference; explicitFileType = wrapper.application; includeInIndex = 0; path = iosApp.app; sourceTree = BUILT_PRODUCTS_DIR; };
/* End PBXFileReference section */

/* Begin PBXFrameworksBuildPhase section */
		A10000000000000000000006 /* Frameworks */ = {
			isa = PBXFrameworksBuildPhase;
			buildActionMask = 2147483647;
			files = (A10000000000000000000003 /* Clarity in Frameworks */,);
			runOnlyForDeploymentPostprocessing = 0;
		};
/* End PBXFrameworksBuildPhase section */

/* Begin PBXGroup section */
		A10000000000000000000007 = {
			isa = PBXGroup;
			children = (A10000000000000000000008 /* iosApp */, A10000000000000000000009 /* Products */,);
			sourceTree = "<group>";
		};
		A10000000000000000000008 /* iosApp */ = {
			isa = PBXGroup;
			children = (A10000000000000000000002 /* iOSApp.swift */,);
			path = iosApp;
			sourceTree = "<group>";
		};
		A10000000000000000000009 /* Products */ = {
			isa = PBXGroup;
			children = (A10000000000000000000005 /* iosApp.app */,);
			name = Products;
			sourceTree = "<group>";
		};
/* End PBXGroup section */

/* Begin PBXNativeTarget section */
		A1000000000000000000000A /* iosApp */ = {
			isa = PBXNativeTarget;
			buildConfigurationList = A1000000000000000000000B /* Build configuration list for PBXNativeTarget "iosApp" */;
			buildPhases = (A1000000000000000000000C /* Build Kotlin Framework */, A1000000000000000000000D /* Sources */, A10000000000000000000006 /* Frameworks */, A1000000000000000000000E /* Resources */,);
			buildRules = ();
			dependencies = ();
			name = iosApp;
			packageProductDependencies = (A10000000000000000000004 /* Clarity */,);
			productName = iosApp;
			productReference = A10000000000000000000005 /* iosApp.app */;
			productType = "com.apple.product-type.application";
		};
/* End PBXNativeTarget section */

/* Begin PBXProject section */
		A1000000000000000000000F /* Project object */ = {
			isa = PBXProject;
			attributes = {BuildIndependentTargetsInParallel = 1; LastSwiftUpdateCheck = 1600; LastUpgradeCheck = 1600; TargetAttributes = {A1000000000000000000000A = {CreatedOnToolsVersion = 16.0; };};};
			buildConfigurationList = A10000000000000000000010 /* Build configuration list for PBXProject "iosApp" */;
			compatibilityVersion = "Xcode 15.0";
			developmentRegion = en;
			hasScannedForEncodings = 0;
			knownRegions = (en, Base,);
			mainGroup = A10000000000000000000007;
			packageReferences = (A10000000000000000000011 /* XCRemoteSwiftPackageReference "clarity-apps" */,);
			productRefGroup = A10000000000000000000009 /* Products */;
			projectDirPath = "";
			projectRoot = "";
			targets = (A1000000000000000000000A /* iosApp */,);
		};
/* End PBXProject section */

/* Begin PBXResourcesBuildPhase section */
		A1000000000000000000000E /* Resources */ = {isa = PBXResourcesBuildPhase; buildActionMask = 2147483647; files = (); runOnlyForDeploymentPostprocessing = 0; };
/* End PBXResourcesBuildPhase section */

/* Begin PBXShellScriptBuildPhase section */
		A1000000000000000000000C /* Build Kotlin Framework */ = {
			isa = PBXShellScriptBuildPhase;
			buildActionMask = 2147483647;
			files = ();
			inputPaths = ();
			name = "Build Kotlin Framework";
			outputPaths = ();
			runOnlyForDeploymentPostprocessing = 0;
			shellPath = /bin/sh;
			shellScript = "cd \"$SRCROOT/../../..\"\n./gradlew :sample:composeApp:embedAndSignAppleFrameworkForXcode\n";
		};
/* End PBXShellScriptBuildPhase section */

/* Begin PBXSourcesBuildPhase section */
		A1000000000000000000000D /* Sources */ = {isa = PBXSourcesBuildPhase; buildActionMask = 2147483647; files = (A10000000000000000000001 /* iOSApp.swift in Sources */,); runOnlyForDeploymentPostprocessing = 0; };
/* End PBXSourcesBuildPhase section */

/* Begin XCBuildConfiguration section */
		A10000000000000000000012 /* Debug */ = {isa = XCBuildConfiguration; buildSettings = {ALWAYS_SEARCH_USER_PATHS = NO; CLANG_ENABLE_MODULES = YES; IPHONEOS_DEPLOYMENT_TARGET = 15.0; SDKROOT = iphoneos; SWIFT_VERSION = 5.0;}; name = Debug;};
		A10000000000000000000013 /* Release */ = {isa = XCBuildConfiguration; buildSettings = {ALWAYS_SEARCH_USER_PATHS = NO; CLANG_ENABLE_MODULES = YES; IPHONEOS_DEPLOYMENT_TARGET = 15.0; SDKROOT = iphoneos; SWIFT_COMPILATION_MODE = wholemodule; SWIFT_VERSION = 5.0;}; name = Release;};
		A10000000000000000000014 /* Debug */ = {isa = XCBuildConfiguration; buildSettings = {CODE_SIGN_STYLE = Automatic; CURRENT_PROJECT_VERSION = 1; DEVELOPMENT_TEAM = ""; ENABLE_PREVIEWS = YES; GENERATE_INFOPLIST_FILE = YES; INFOPLIST_KEY_UIApplicationSceneManifest_Generation = YES; IPHONEOS_DEPLOYMENT_TARGET = 15.0; LD_RUNPATH_SEARCH_PATHS = "$(inherited) @executable_path/Frameworks"; MARKETING_VERSION = 0.1.0; OTHER_LDFLAGS = "$(inherited) -framework ComposeApp"; PRODUCT_BUNDLE_IDENTIFIER = io.github.hamdyapdo14.claritykmp.sample; PRODUCT_NAME = "$(TARGET_NAME)"; SWIFT_EMIT_LOC_STRINGS = YES; SWIFT_VERSION = 5.0; TARGETED_DEVICE_FAMILY = "1,2";}; name = Debug;};
		A10000000000000000000015 /* Release */ = {isa = XCBuildConfiguration; buildSettings = {CODE_SIGN_STYLE = Automatic; CURRENT_PROJECT_VERSION = 1; DEVELOPMENT_TEAM = ""; GENERATE_INFOPLIST_FILE = YES; INFOPLIST_KEY_UIApplicationSceneManifest_Generation = YES; IPHONEOS_DEPLOYMENT_TARGET = 15.0; LD_RUNPATH_SEARCH_PATHS = "$(inherited) @executable_path/Frameworks"; MARKETING_VERSION = 0.1.0; OTHER_LDFLAGS = "$(inherited) -framework ComposeApp"; PRODUCT_BUNDLE_IDENTIFIER = io.github.hamdyapdo14.claritykmp.sample; PRODUCT_NAME = "$(TARGET_NAME)"; SWIFT_EMIT_LOC_STRINGS = YES; SWIFT_VERSION = 5.0; TARGETED_DEVICE_FAMILY = "1,2";}; name = Release;};
/* End XCBuildConfiguration section */

/* Begin XCConfigurationList section */
		A10000000000000000000010 /* Project */ = {isa = XCConfigurationList; buildConfigurations = (A10000000000000000000012 /* Debug */, A10000000000000000000013 /* Release */,); defaultConfigurationIsVisible = 0; defaultConfigurationName = Release;};
		A1000000000000000000000B /* Target */ = {isa = XCConfigurationList; buildConfigurations = (A10000000000000000000014 /* Debug */, A10000000000000000000015 /* Release */,); defaultConfigurationIsVisible = 0; defaultConfigurationName = Release;};
/* End XCConfigurationList section */

/* Begin XCRemoteSwiftPackageReference section */
		A10000000000000000000011 /* XCRemoteSwiftPackageReference "clarity-apps" */ = {isa = XCRemoteSwiftPackageReference; repositoryURL = "https://github.com/microsoft/clarity-apps"; requirement = {kind = upToNextMajorVersion; minimumVersion = 3.5.3;};};
/* End XCRemoteSwiftPackageReference section */

/* Begin XCSwiftPackageProductDependency section */
		A10000000000000000000004 /* Clarity */ = {isa = XCSwiftPackageProductDependency; package = A10000000000000000000011 /* clarity-apps */; productName = Clarity;};
/* End XCSwiftPackageProductDependency section */
	};
	rootObject = A1000000000000000000000F /* Project object */;
}
